
Microsoft Visual Studio Solution File, Format Version 12.00
# Visual Studio 2012
Project("{FAE04EC0-301F-11D3-BF4B-00C04F79EFBC}") = "iconsiam", "iconsiam\iconsiam.csproj", "{FE326C74-4E62-4D7B-94DF-0A10224C8438}"
EndProject
Global
	GlobalSection(SolutionConfigurationPlatforms) = preSolution
		Debug|Any CPU = Debug|Any CPU
		Release|Any CPU = Release|Any CPU
	EndGlobalSection
	GlobalSection(ProjectConfigurationPlatforms) = postSolution
		{FE326C74-4E62-4D7B-94DF-0A10224C8438}.Debug|Any CPU.ActiveCfg = Debug|Any CPU
		{FE326C74-4E62-4D7B-94DF-0A10224C8438}.Debug|Any CPU.Build.0 = Debug|Any CPU
		{FE326C74-4E62-4D7B-94DF-0A10224C8438}.Release|Any CPU.ActiveCfg = Release|Any CPU
		{FE326C74-4E62-4D7B-94DF-0A10224C8438}.Release|Any CPU.Build.0 = Release|Any CPU
	EndGlobalSection
	GlobalSection(SolutionProperties) = preSolution
		HideSolutionNode = FALSE
	EndGlobalSection
EndGlobal
